
Microsoft Visual Studio Solution File, Format Version 12.00
# Visual Studio Version 16
VisualStudioVersion = 16.0.31205.134
MinimumVisualStudioVersion = 10.0.40219.1
Project("{8BC9CEB8-8B4A-11D0-8D11-00A0C91BC942}") = "stuct-study", "stuct-study.vcxproj", "{851E6271-643F-4179-8D5D-C2385060D35B}"
EndProject
Global
	GlobalSection(SolutionConfigurationPlatforms) = preSolution
		Debug|x64 = Debug|x64
		Debug|x86 = Debug|x86
		Release|x64 = Release|x64
		Release|x86 = Release|x86
	EndGlobalSection
	GlobalSection(ProjectConfigurationPlatforms) = postSolution
		{851E6271-643F-4179-8D5D-C2385060D35B}.Debug|x64.ActiveCfg = Debug|x64
		{851E6271-643F-4179-8D5D-C2385060D35B}.Debug|x64.Build.0 = Debug|x64
		{851E6271-643F-4179-8D5D-C2385060D35B}.Debug|x86.ActiveCfg = Debug|Win32
		{851E6271-643F-4179-8D5D-C2385060D35B}.Debug|x86.Build.0 = Debug|Win32
		{851E6271-643F-4179-8D5D-C2385060D35B}.Release|x64.ActiveCfg = Release|x64
		{851E6271-643F-4179-8D5D-C2385060D35B}.Release|x64.Build.0 = Release|x64
		{851E6271-643F-4179-8D5D-C2385060D35B}.Release|x86.ActiveCfg = Release|Win32
		{851E6271-643F-4179-8D5D-C2385060D35B}.Release|x86.Build.0 = Release|Win32
	EndGlobalSection
	GlobalSection(SolutionProperties) = preSolution
		HideSolutionNode = FALSE
	EndGlobalSection
	GlobalSection(ExtensibilityGlobals) = postSolution
		SolutionGuid = {9636F984-BDE8-4A0D-94A7-FA84C5AD5281}
	EndGlobalSection
EndGlobal
